
Microsoft Visual Studio Solution File, Format Version 12.00
# Visual Studio Version 17
VisualStudioVersion = 17.8.34330.188
MinimumVisualStudioVersion = 10.0.40219.1
Project("{FAE04EC0-301F-11D3-BF4B-00C04F79EFBC}") = "MvcMovie", "MvcMovie\MvcMovie.csproj", "{AEAB7B88-22EA-4474-BF01-DBA8CFA27FA1}"
EndProject
Global
	GlobalSection(SolutionConfigurationPlatforms) = preSolution
		Debug|Any CPU = Debug|Any CPU
		Release|Any CPU = Release|Any CPU
	EndGlobalSection
	GlobalSection(ProjectConfigurationPlatforms) = postSolution
		{AEAB7B88-22EA-4474-BF01-DBA8CFA27FA1}.Debug|Any CPU.ActiveCfg = Debug|Any CPU
		{AEAB7B88-22EA-4474-BF01-DBA8CFA27FA1}.Debug|Any CPU.Build.0 = Debug|Any CPU
		{AEAB7B88-22EA-4474-BF01-DBA8CFA27FA1}.Release|Any CPU.ActiveCfg = Release|Any CPU
		{AEAB7B88-22EA-4474-BF01-DBA8CFA27FA1}.Release|Any CPU.Build.0 = Release|Any CPU
	EndGlobalSection
	GlobalSection(SolutionProperties) = preSolution
		HideSolutionNode = FALSE
	EndGlobalSection
	GlobalSection(ExtensibilityGlobals) = postSolution
		SolutionGuid = {C54E1DCC-3E5A-4D40-BF43-3649FA3DA5A8}
	EndGlobalSection
EndGlobal
